// !$*UTF8*$!
{
	archiveVersion = 1;
	classes = {
	};
	objectVersion = 46;
	objects = {

/* Begin PBXBuildFile section */
		3D5BBA3C1EDD04D2006D1C41 /* DetailViewController.swift in Sources */ = {isa = PBXBuildFile; fileRef = 3D5BBA3B1EDD04D2006D1C41 /* DetailViewController.swift */; };
		3D9D5C371EDC2E8300A14DC7 /* pic.jpg in Resources */ = {isa = PBXBuildFile; fileRef = 3D9D5C361EDC2E8300A14DC7 /* pic.jpg */; };
		3D9D5C3B1EDC5E2600A14DC7 /* LoginViewController.swift in Sources */ = {isa = PBXBuildFile; fileRef = 3D9D5C3A1EDC5E2600A14DC7 /* LoginViewController.swift */; };
		3D9D5C3D1EDC5E5000A14DC7 /* NetWorkManager.swift in Sources */ = {isa = PBXBuildFile; fileRef = 3D9D5C3C1EDC5E5000A14DC7 /* NetWorkManager.swift */; };
		AB901D841ED6B37300625D5F /* AppDelegate.swift in Sources */ = {isa = PBXBuildFile; fileRef = AB901D831ED6B37300625D5F /* AppDelegate.swift */; };
		AB901D861ED6B37300625D5F /* ViewController.swift in Sources */ = {isa = PBXBuildFile; fileRef = AB901D851ED6B37300625D5F /* ViewController.swift */; };
		AB901D891ED6B37300625D5F /* Main.storyboard in Resources */ = {isa = PBXBuildFile; fileRef = AB901D871ED6B37300625D5F /* Main.storyboard */; };
		AB901D8B1ED6B37300625D5F /* Assets.xcassets in Resources */ = {isa = PBXBuildFile; fileRef = AB901D8A1ED6B37300625D5F /* Assets.xcassets */; };
		AB901D8E1ED6B37300625D5F /* LaunchScreen.storyboard in Resources */ = {isa = PBXBuildFile; fileRef = AB901D8C1ED6B37300625D5F /* LaunchScreen.storyboard */; };
/* End PBXBuildFile section */

/* Begin PBXFileReference section */
		3D5BBA3B1EDD04D2006D1C41 /* DetailViewController.swift */ = {isa = PBXFileReference; fileEncoding = 4; lastKnownFileType = sourcecode.swift; path = DetailViewController.swift; sourceTree = "<group>"; };
		3D9D5C361EDC2E8300A14DC7 /* pic.jpg */ = {isa = PBXFileReference; lastKnownFileType = image.jpeg; name = pic.jpg; path = ../../../Desktop/pic.jpg; sourceTree = "<group>"; };
		3D9D5C3A1EDC5E2600A14DC7 /* LoginViewController.swift */ = {isa = PBXFileReference; fileEncoding = 4; lastKnownFileType = sourcecode.swift; path = LoginViewController.swift; sourceTree = "<group>"; };
		3D9D5C3C1EDC5E5000A14DC7 /* NetWorkManager.swift */ = {isa = PBXFileReference; fileEncoding = 4; lastKnownFileType = sourcecode.swift; path = NetWorkManager.swift; sourceTree = "<group>"; };
		AB901D801ED6B37300625D5F /* mySolution.app */ = {isa = PBXFileReference; explicitFileType = wrapper.application; includeInIndex = 0; path = mySolution.app; sourceTree = BUILT_PRODUCTS_DIR; };
		AB901D831ED6B37300625D5F /* AppDelegate.swift */ = {isa = PBXFileReference; lastKnownFileType = sourcecode.swift; path = AppDelegate.swift; sourceTree = "<group>"; };
		AB901D851ED6B37300625D5F /* ViewController.swift */ = {isa = PBXFileReference; lastKnownFileType = sourcecode.swift; path = ViewController.swift; sourceTree = "<group>"; };
		AB901D881ED6B37300625D5F /* Base */ = {isa = PBXFileReference; lastKnownFileType = file.storyboard; name = Base; path = Base.lproj/Main.storyboard; sourceTree = "<group>"; };
		AB901D8A1ED6B37300625D5F /* Assets.xcassets */ = {isa = PBXFileReference; lastKnownFileType = folder.assetcatalog; path = Assets.xcassets; sourceTree = "<group>"; };
		AB901D8D1ED6B37300625D5F /* Base */ = {isa = PBXFileReference; lastKnownFileType = file.storyboard; name = Base; path = Base.lproj/LaunchScreen.storyboard; sourceTree = "<group>"; };
		AB901D8F1ED6B37300625D5F /* Info.plist */ = {isa = PBXFileReference; lastKnownFileType = text.plist.xml; path = Info.plist; sourceTree = "<group>"; };
/* End PBXFileReference section */

/* Begin PBXFrameworksBuildPhase section */
		AB901D7D1ED6B37300625D5F /* Frameworks */ = {
			isa = PBXFrameworksBuildPhase;
			buildActionMask = 2147483647;
			files = (
			);
			runOnlyForDeploymentPostprocessing = 0;
		};
/* End PBXFrameworksBuildPhase section */

/* Begin PBXGroup section */
		AB901D771ED6B37300625D5F = {
			isa = PBXGroup;
			children = (
				AB901D821ED6B37300625D5F /* mySolution */,
				AB901D811ED6B37300625D5F /* Products */,
			);
			sourceTree = "<group>";
		};
		AB901D811ED6B37300625D5F /* Products */ = {
			isa = PBXGroup;
			children = (
				AB901D801ED6B37300625D5F /* mySolution.app */,
			);
			name = Products;
			sourceTree = "<group>";
		};
		AB901D821ED6B37300625D5F /* mySolution */ = {
			isa = PBXGroup;
			children = (
				3D9D5C361EDC2E8300A14DC7 /* pic.jpg */,
				AB901D831ED6B37300625D5F /* AppDelegate.swift */,
				AB901D851ED6B37300625D5F /* ViewController.swift */,
				AB901D871ED6B37300625D5F /* Main.storyboard */,
				3D5BBA3B1EDD04D2006D1C41 /* DetailViewController.swift */,
				AB901D8A1ED6B37300625D5F /* Assets.xcassets */,
				AB901D8C1ED6B37300625D5F /* LaunchScreen.storyboard */,
				AB901D8F1ED6B37300625D5F /* Info.plist */,
				3D9D5C3A1EDC5E2600A14DC7 /* LoginViewController.swift */,
				3D9D5C3C1EDC5E5000A14DC7 /* NetWorkManager.swift */,
			);
			path = mySolution;
			sourceTree = "<group>";
		};
/* End PBXGroup section */

/* Begin PBXNativeTarget section */
		AB901D7F1ED6B37300625D5F /* mySolution */ = {
			isa = PBXNativeTarget;
			buildConfigurationList = AB901D921ED6B37300625D5F /* Build configuration list for PBXNativeTarget "mySolution" */;
			buildPhases = (
				AB901D7C1ED6B37300625D5F /* Sources */,
				AB901D7D1ED6B37300625D5F /* Frameworks */,
				AB901D7E1ED6B37300625D5F /* Resources */,
			);
			buildRules = (
			);
			dependencies = (
			);
			name = mySolution;
			productName = mySolution;
			productReference = AB901D801ED6B37300625D5F /* mySolution.app */;
			productType = "com.apple.product-type.application";
		};
/* End PBXNativeTarget section */

/* Begin PBXProject section */
		AB901D781ED6B37300625D5F /* Project object */ = {
			isa = PBXProject;
			attributes = {
				LastSwiftUpdateCheck = 0810;
				LastUpgradeCheck = 0810;
				ORGANIZATIONNAME = bitse;
				TargetAttributes = {
					AB901D7F1ED6B37300625D5F = {
						CreatedOnToolsVersion = 8.1;
						DevelopmentTeam = XL72T4QE66;
						ProvisioningStyle = Automatic;
					};
				};
			};
			buildConfigurationList = AB901D7B1ED6B37300625D5F /* Build configuration list for PBXProject "mySolution" */;
			compatibilityVersion = "Xcode 3.2";
			developmentRegion = English;
			hasScannedForEncodings = 0;
			knownRegions = (
				en,
				Base,
			);
			mainGroup = AB901D771ED6B37300625D5F;
			productRefGroup = AB901D811ED6B37300625D5F /* Products */;
			projectDirPath = "";
			projectRoot = "";
			targets = (
				AB901D7F1ED6B37300625D5F /* mySolution */,
			);
		};
/* End PBXProject section */

/* Begin PBXResourcesBuildPhase section */
		AB901D7E1ED6B37300625D5F /* Resources */ = {
			isa = PBXResourcesBuildPhase;
			buildActionMask = 2147483647;
			files = (
				AB901D8E1ED6B37300625D5F /* LaunchScreen.storyboard in Resources */,
				AB901D8B1ED6B37300625D5F /* Assets.xcassets in Resources */,
				AB901D891ED6B37300625D5F /* Main.storyboard in Resources */,
				3D9D5C371EDC2E8300A14DC7 /* pic.jpg in Resources */,
			);
			runOnlyForDeploymentPostprocessing = 0;
		};
/* End PBXResourcesBuildPhase section */

/* Begin PBXSourcesBuildPhase section */
		AB901D7C1ED6B37300625D5F /* Sources */ = {
			isa = PBXSourcesBuildPhase;
			buildActionMask = 2147483647;
			files = (
				3D9D5C3D1EDC5E5000A14DC7 /* NetWorkManager.swift in Sources */,
				3D9D5C3B1EDC5E2600A14DC7 /* LoginViewController.swift in Sources */,
				3D5BBA3C1EDD04D2006D1C41 /* DetailViewController.swift in Sources */,
				AB901D861ED6B37300625D5F /* ViewController.swift in Sources */,
				AB901D841ED6B37300625D5F /* AppDelegate.swift in Sources */,
			);
			runOnlyForDeploymentPostprocessing = 0;
		};
/* End PBXSourcesBuildPhase section */

/* Begin PBXVariantGroup section */
		AB901D871ED6B37300625D5F /* Main.storyboard */ = {
			isa = PBXVariantGroup;
			children = (
				AB901D881ED6B37300625D5F /* Base */,
			);
			name = Main.storyboard;
			sourceTree = "<group>";
		};
		AB901D8C1ED6B37300625D5F /* LaunchScreen.storyboard */ = {
			isa = PBXVariantGroup;
			children = (
				AB901D8D1ED6B37300625D5F /* Base */,
			);
			name = LaunchScreen.storyboard;
			sourceTree = "<group>";
		};
/* End PBXVariantGroup section */

/* Begin XCBuildConfiguration section */
		AB901D901ED6B37300625D5F /* Debug */ = {
			isa = XCBuildConfiguration;
			buildSettings = {
				ALWAYS_SEARCH_USER_PATHS = NO;
				CLANG_ANALYZER_NONNULL = YES;
				CLANG_CXX_LANGUAGE_STANDARD = "gnu++0x";
				CLANG_CXX_LIBRARY = "libc++";
				CLANG_ENABLE_MODULES = YES;
				CLANG_ENABLE_OBJC_ARC = YES;
				CLANG_WARN_BOOL_CONVERSION = YES;
				CLANG_WARN_CONSTANT_CONVERSION = YES;
				CLANG_WARN_DIRECT_OBJC_ISA_USAGE = YES_ERROR;
				CLANG_WARN_DOCUMENTATION_COMMENTS = YES;
				CLANG_WARN_EMPTY_BODY = YES;
				CLANG_WARN_ENUM_CONVERSION = YES;
				CLANG_WARN_INFINITE_RECURSION = YES;
				CLANG_WARN_INT_CONVERSION = YES;
				CLANG_WARN_OBJC_ROOT_CLASS = YES_ERROR;
				CLANG_WARN_SUSPICIOUS_MOVES = YES;
				CLANG_WARN_UNREACHABLE_CODE = YES;
				CLANG_WARN__DUPLICATE_METHOD_MATCH = YES;
				"CODE_SIGN_IDENTITY[sdk=iphoneos*]" = "iPhone Developer";
				COPY_PHASE_STRIP = NO;
				DEBUG_INFORMATION_FORMAT = dwarf;
				ENABLE_STRICT_OBJC_MSGSEND = YES;
				ENABLE_TESTABILITY = YES;
				GCC_C_LANGUAGE_STANDARD = gnu99;
				GCC_DYNAMIC_NO_PIC = NO;
				GCC_NO_COMMON_BLOCKS = YES;
				GCC_OPTIMIZATION_LEVEL = 0;
				GCC_PREPROCESSOR_DEFINITIONS = (
					"DEBUG=1",
					"$(inherited)",
				);
				GCC_WARN_64_TO_32_BIT_CONVERSION = YES;
				GCC_WARN_ABOUT_RETURN_TYPE = YES_ERROR;
				GCC_WARN_UNDECLARED_SELECTOR = YES;
				GCC_WARN_UNINITIALIZED_AUTOS = YES_AGGRESSIVE;
				GCC_WARN_UNUSED_FUNCTION = YES;
				GCC_WARN_UNUSED_VARIABLE = YES;
				IPHONEOS_DEPLOYMENT_TARGET = 10.1;
				MTL_ENABLE_DEBUG_INFO = YES;
				ONLY_ACTIVE_ARCH = YES;
				SDKROOT = iphoneos;
				SWIFT_ACTIVE_COMPILATION_CONDITIONS = DEBUG;
				SWIFT_OPTIMIZATION_LEVEL = "-Onone";
			};
			name = Debug;
		};
		AB901D911ED6B37300625D5F /* Release */ = {
			isa = XCBuildConfiguration;
			buildSettings = {
				ALWAYS_SEARCH_USER_PATHS = NO;
				CLANG_ANALYZER_NONNULL = YES;
				CLANG_CXX_LANGUAGE_STANDARD = "gnu++0x";
				CLANG_CXX_LIBRARY = "libc++";
				CLANG_ENABLE_MODULES = YES;
				CLANG_ENABLE_OBJC_ARC = YES;
				CLANG_WARN_BOOL_CONVERSION = YES;
				CLANG_WARN_CONSTANT_CONVERSION = YES;
				CLANG_WARN_DIRECT_OBJC_ISA_USAGE = YES_ERROR;
				CLANG_WARN_DOCUMENTATION_COMMENTS = YES;
				CLANG_WARN_EMPTY_BODY = YES;
				CLANG_WARN_ENUM_CONVERSION = YES;
				CLANG_WARN_INFINITE_RECURSION = YES;
				CLANG_WARN_INT_CONVERSION = YES;
				CLANG_WARN_OBJC_ROOT_CLASS = YES_ERROR;
				CLANG_WARN_SUSPICIOUS_MOVES = YES;
				CLANG_WARN_UNREACHABLE_CODE = YES;
				CLANG_WARN__DUPLICATE_METHOD_MATCH = YES;
				"CODE_SIGN_IDENTITY[sdk=iphoneos*]" = "iPhone Developer";
				COPY_PHASE_STRIP = NO;
				DEBUG_INFORMATION_FORMAT = "dwarf-with-dsym";
				ENABLE_NS_ASSERTIONS = NO;
				ENABLE_STRICT_OBJC_MSGSEND = YES;
				GCC_C_LANGUAGE_STANDARD = gnu99;
				GCC_NO_COMMON_BLOCKS = YES;
				GCC_WARN_64_TO_32_BIT_CONVERSION = YES;
				GCC_WARN_ABOUT_RETURN_TYPE = YES_ERROR;
				GCC_WARN_UNDECLARED_SELECTOR = YES;
				GCC_WARN_UNINITIALIZED_AUTOS = YES_AGGRESSIVE;
				GCC_WARN_UNUSED_FUNCTION = YES;
				GCC_WARN_UNUSED_VARIABLE = YES;
				IPHONEOS_DEPLOYMENT_TARGET = 10.1;
				MTL_ENABLE_DEBUG_INFO = NO;
				SDKROOT = iphoneos;
				SWIFT_OPTIMIZATION_LEVEL = "-Owholemodule";
				VALIDATE_PRODUCT = YES;
			};
			name = Release;
		};
		AB901D931ED6B37300625D5F /* Debug */ = {
			isa = XCBuildConfiguration;
			buildSettings = {
				ASSETCATALOG_COMPILER_APPICON_NAME = AppIcon;
				DEVELOPMENT_TEAM = XL72T4QE66;
				INFOPLIST_FILE = mySolution/Info.plist;
				LD_RUNPATH_SEARCH_PATHS = "$(inherited) @executable_path/Frameworks";
				PRODUCT_BUNDLE_IDENTIFIER = com.bitse.mySolution;
				PRODUCT_NAME = "$(TARGET_NAME)";
				SWIFT_VERSION = 3.0;
			};
			name = Debug;
		};
		AB901D941ED6B37300625D5F /* Release */ = {
			isa = XCBuildConfiguration;
			buildSettings = {
				ASSETCATALOG_COMPILER_APPICON_NAME = AppIcon;
				DEVELOPMENT_TEAM = XL72T4QE66;
				INFOPLIST_FILE = mySolution/Info.plist;
				LD_RUNPATH_SEARCH_PATHS = "$(inherited) @executable_path/Frameworks";
				PRODUCT_BUNDLE_IDENTIFIER = com.bitse.mySolution;
				PRODUCT_NAME = "$(TARGET_NAME)";
				SWIFT_VERSION = 3.0;
			};
			name = Release;
		};
/* End XCBuildConfiguration section */

/* Begin XCConfigurationList section */
		AB901D7B1ED6B37300625D5F /* Build configuration list for PBXProject "mySolution" */ = {
			isa = XCConfigurationList;
			buildConfigurations = (
				AB901D901ED6B37300625D5F /* Debug */,
				AB901D911ED6B37300625D5F /* Release */,
			);
			defaultConfigurationIsVisible = 0;
			defaultConfigurationName = Release;
		};
		AB901D921ED6B37300625D5F /* Build configuration list for PBXNativeTarget "mySolution" */ = {
			isa = XCConfigurationList;
			buildConfigurations = (
				AB901D931ED6B37300625D5F /* Debug */,
				AB901D941ED6B37300625D5F /* Release */,
			);
			defaultConfigurationIsVisible = 0;
			defaultConfigurationName = Release;
		};
/* End XCConfigurationList section */
	};
	rootObject = AB901D781ED6B37300625D5F /* Project object */;
}
